PODS:
  - AGCategories (0.1.8)
  - AGViewModel (0.6.15)
  - SVProgressHUD (2.2.5)

DEPENDENCIES:
  - AGCategories (~> 0.1.8)
  - AGViewModel (~> 0.6.15)
  - SVProgressHUD

SPEC REPOS:
  https://github.com/cocoapods/specs.git:
    - AGCategories
    - AGViewModel
    - SVProgressHUD

SPEC CHECKSUMS:
  AGCategories: 1fcd073caad1c6f369521234cff7abf095e21c29
  AGViewModel: c651f601bf201ca6b7ce991d50debcd1532df3d5
  SVProgressHUD: 1428aafac632c1f86f62aa4243ec12008d7a51d6

PODFILE CHECKSUM: 0fabe9814ec11d2260ada9073bd17ee71ff405dc

COCOAPODS: 1.6.1
